
Microsoft Visual Studio Solution File, Format Version 11.00
# Visual Studio 2010
Project("{FAE04EC0-301F-11D3-BF4B-00C04F79EFBC}") = "IOTextFiles", "IOTextFiles.csproj", "{29FC5174-6769-44A6-B820-119899A1739E}"
EndProject
Project("{FAE04EC0-301F-11D3-BF4B-00C04F79EFBC}") = "IOXMLFiles", "IOXMLFiles\IOXMLFiles.csproj", "{A0231B2C-329D-4340-8D3A-70D22481197D}"
EndProject
Global
	GlobalSection(SolutionConfigurationPlatforms) = preSolution
		Debug|x86 = Debug|x86
		Release|x86 = Release|x86
	EndGlobalSection
	GlobalSection(ProjectConfigurationPlatforms) = postSolution
		{29FC5174-6769-44A6-B820-119899A1739E}.Debug|x86.ActiveCfg = Debug|x86
		{29FC5174-6769-44A6-B820-119899A1739E}.Debug|x86.Build.0 = Debug|x86
		{29FC5174-6769-44A6-B820-119899A1739E}.Release|x86.ActiveCfg = Release|x86
		{29FC5174-6769-44A6-B820-119899A1739E}.Release|x86.Build.0 = Release|x86
		{A0231B2C-329D-4340-8D3A-70D22481197D}.Debug|x86.ActiveCfg = Debug|x86
		{A0231B2C-329D-4340-8D3A-70D22481197D}.Debug|x86.Build.0 = Debug|x86
		{A0231B2C-329D-4340-8D3A-70D22481197D}.Release|x86.ActiveCfg = Release|x86
		{A0231B2C-329D-4340-8D3A-70D22481197D}.Release|x86.Build.0 = Release|x86
	EndGlobalSection
EndGlobal
