
Microsoft Visual Studio Solution File, Format Version 12.00
# Visual Studio 2012
Project("{FAE04EC0-301F-11D3-BF4B-00C04F79EFBC}") = "IOTextFiles3", "IOTextFiles3\IOTextFiles3.csproj", "{F2315046-B99A-4328-8D02-2540DB983ED9}"
EndProject
Global
	GlobalSection(SolutionConfigurationPlatforms) = preSolution
		Debug|x86 = Debug|x86
		Release|x86 = Release|x86
	EndGlobalSection
	GlobalSection(ProjectConfigurationPlatforms) = postSolution
		{F2315046-B99A-4328-8D02-2540DB983ED9}.Debug|x86.ActiveCfg = Debug|x86
		{F2315046-B99A-4328-8D02-2540DB983ED9}.Debug|x86.Build.0 = Debug|x86
		{F2315046-B99A-4328-8D02-2540DB983ED9}.Release|x86.ActiveCfg = Release|x86
		{F2315046-B99A-4328-8D02-2540DB983ED9}.Release|x86.Build.0 = Release|x86
	EndGlobalSection
EndGlobal
